# This file was autogenerated by uv via the following command:
#    uv pip compile pyproject.toml -o uv.lock
bidict==0.23.1
    # via python-socketio
blinker==1.9.0
    # via flask
certifi==2025.10.5
    # via requests
chardet==5.2.0
    # via lcu-ui (pyproject.toml)
charset-normalizer==3.4.4
    # via requests
click==8.3.0
    # via flask
colorama==0.4.6
    # via click
flask==3.1.2
    # via
    #   lcu-ui (pyproject.toml)
    #   flask-socketio
flask-socketio==5.5.1
    # via lcu-ui (pyproject.toml)
h11==0.16.0
    # via wsproto
idna==3.11
    # via requests
itsdangerous==2.2.0
    # via flask
jinja2==3.1.6
    # via flask
markupsafe==3.0.3
    # via
    #   flask
    #   jinja2
    #   werkzeug
psutil==5.9.8
    # via lcu-ui (pyproject.toml)
python-engineio==4.12.3
    # via python-socketio
python-socketio==5.14.3
    # via flask-socketio
requests==2.32.5
    # via lcu-ui (pyproject.toml)
simple-websocket==1.1.0
    # via python-engineio
urllib3==2.5.0
    # via
    #   lcu-ui (pyproject.toml)
    #   requests
uv==0.9.8
    # via lcu-ui (pyproject.toml)
werkzeug==3.1.3
    # via flask
wsproto==1.2.0
    # via simple-websocket
